
Microsoft Visual Studio Solution File, Format Version 12.00
# Visual Studio 15
Project("{FAE04EC0-301F-11D3-BF4B-00C04F79EFBC}") = "Assembly-CSharp", "Assembly-CSharp.csproj", "{92AE1740-C005-2BE0-168F-497A9D9F3257}"
EndProject
Project("{FAE04EC0-301F-11D3-BF4B-00C04F79EFBC}") = "MoreMountains.CorgiEngine", "MoreMountains.CorgiEngine.csproj", "{66DD25B2-F3CF-A62D-889E-B6B23C350A53}"
EndProject
Project("{FAE04EC0-301F-11D3-BF4B-00C04F79EFBC}") = "MoreMountains.Tools", "MoreMountains.Tools.csproj", "{A2D35E8A-777A-8071-8817-C7CB4C872254}"
EndProject
Project("{FAE04EC0-301F-11D3-BF4B-00C04F79EFBC}") = "MoreMountains.InventoryEngine", "MoreMountains.InventoryEngine.csproj", "{BCA31156-3893-5DB4-3184-D7F49242B924}"
EndProject
Project("{FAE04EC0-301F-11D3-BF4B-00C04F79EFBC}") = "MoreMountains.CorgiEngine.Editor", "MoreMountains.CorgiEngine.Editor.csproj", "{7AFC3598-4CBD-46FB-2330-224BC4FDBDA6}"
EndProject
Project("{FAE04EC0-301F-11D3-BF4B-00C04F79EFBC}") = "MoreMountains.Tools.Editor", "MoreMountains.Tools.Editor.csproj", "{5FA9956A-BAB7-63B5-C5D4-DEA043DD4A92}"
EndProject
Project("{FAE04EC0-301F-11D3-BF4B-00C04F79EFBC}") = "MoreMountains.Interface", "MoreMountains.Interface.csproj", "{13425641-D386-2E19-2DC0-2319761DE165}"
EndProject
Project("{FAE04EC0-301F-11D3-BF4B-00C04F79EFBC}") = "MoreMountains.Interface.Editor", "MoreMountains.Interface.Editor.csproj", "{8C0900F7-1683-AB60-8ABD-F577413FB492}"
EndProject
Project("{FAE04EC0-301F-11D3-BF4B-00C04F79EFBC}") = "MoreMountains.InventoryEngine.Editor", "MoreMountains.InventoryEngine.Editor.csproj", "{07CEA743-1B6D-A518-1EAC-E7383A072C8D}"
EndProject
Global
	GlobalSection(SolutionConfigurationPlatforms) = preSolution
		Debug|Any CPU = Debug|Any CPU
		Release|Any CPU = Release|Any CPU
	EndGlobalSection
	GlobalSection(ProjectConfigurationPlatforms) = postSolution
		{92AE1740-C005-2BE0-168F-497A9D9F3257}.Debug|Any CPU.ActiveCfg = Debug|Any CPU
		{92AE1740-C005-2BE0-168F-497A9D9F3257}.Debug|Any CPU.Build.0 = Debug|Any CPU
		{92AE1740-C005-2BE0-168F-497A9D9F3257}.Release|Any CPU.ActiveCfg = Release|Any CPU
		{92AE1740-C005-2BE0-168F-497A9D9F3257}.Release|Any CPU.Build.0 = Release|Any CPU
		{66DD25B2-F3CF-A62D-889E-B6B23C350A53}.Debug|Any CPU.ActiveCfg = Debug|Any CPU
		{66DD25B2-F3CF-A62D-889E-B6B23C350A53}.Debug|Any CPU.Build.0 = Debug|Any CPU
		{66DD25B2-F3CF-A62D-889E-B6B23C350A53}.Release|Any CPU.ActiveCfg = Release|Any CPU
		{66DD25B2-F3CF-A62D-889E-B6B23C350A53}.Release|Any CPU.Build.0 = Release|Any CPU
		{A2D35E8A-777A-8071-8817-C7CB4C872254}.Debug|Any CPU.ActiveCfg = Debug|Any CPU
		{A2D35E8A-777A-8071-8817-C7CB4C872254}.Debug|Any CPU.Build.0 = Debug|Any CPU
		{A2D35E8A-777A-8071-8817-C7CB4C872254}.Release|Any CPU.ActiveCfg = Release|Any CPU
		{A2D35E8A-777A-8071-8817-C7CB4C872254}.Release|Any CPU.Build.0 = Release|Any CPU
		{BCA31156-3893-5DB4-3184-D7F49242B924}.Debug|Any CPU.ActiveCfg = Debug|Any CPU
		{BCA31156-3893-5DB4-3184-D7F49242B924}.Debug|Any CPU.Build.0 = Debug|Any CPU
		{BCA31156-3893-5DB4-3184-D7F49242B924}.Release|Any CPU.ActiveCfg = Release|Any CPU
		{BCA31156-3893-5DB4-3184-D7F49242B924}.Release|Any CPU.Build.0 = Release|Any CPU
		{7AFC3598-4CBD-46FB-2330-224BC4FDBDA6}.Debug|Any CPU.ActiveCfg = Debug|Any CPU
		{7AFC3598-4CBD-46FB-2330-224BC4FDBDA6}.Debug|Any CPU.Build.0 = Debug|Any CPU
		{7AFC3598-4CBD-46FB-2330-224BC4FDBDA6}.Release|Any CPU.ActiveCfg = Release|Any CPU
		{7AFC3598-4CBD-46FB-2330-224BC4FDBDA6}.Release|Any CPU.Build.0 = Release|Any CPU
		{5FA9956A-BAB7-63B5-C5D4-DEA043DD4A92}.Debug|Any CPU.ActiveCfg = Debug|Any CPU
		{5FA9956A-BAB7-63B5-C5D4-DEA043DD4A92}.Debug|Any CPU.Build.0 = Debug|Any CPU
		{5FA9956A-BAB7-63B5-C5D4-DEA043DD4A92}.Release|Any CPU.ActiveCfg = Release|Any CPU
		{5FA9956A-BAB7-63B5-C5D4-DEA043DD4A92}.Release|Any CPU.Build.0 = Release|Any CPU
		{13425641-D386-2E19-2DC0-2319761DE165}.Debug|Any CPU.ActiveCfg = Debug|Any CPU
		{13425641-D386-2E19-2DC0-2319761DE165}.Debug|Any CPU.Build.0 = Debug|Any CPU
		{13425641-D386-2E19-2DC0-2319761DE165}.Release|Any CPU.ActiveCfg = Release|Any CPU
		{13425641-D386-2E19-2DC0-2319761DE165}.Release|Any CPU.Build.0 = Release|Any CPU
		{8C0900F7-1683-AB60-8ABD-F577413FB492}.Debug|Any CPU.ActiveCfg = Debug|Any CPU
		{8C0900F7-1683-AB60-8ABD-F577413FB492}.Debug|Any CPU.Build.0 = Debug|Any CPU
		{8C0900F7-1683-AB60-8ABD-F577413FB492}.Release|Any CPU.ActiveCfg = Release|Any CPU
		{8C0900F7-1683-AB60-8ABD-F577413FB492}.Release|Any CPU.Build.0 = Release|Any CPU
		{07CEA743-1B6D-A518-1EAC-E7383A072C8D}.Debug|Any CPU.ActiveCfg = Debug|Any CPU
		{07CEA743-1B6D-A518-1EAC-E7383A072C8D}.Debug|Any CPU.Build.0 = Debug|Any CPU
		{07CEA743-1B6D-A518-1EAC-E7383A072C8D}.Release|Any CPU.ActiveCfg = Release|Any CPU
		{07CEA743-1B6D-A518-1EAC-E7383A072C8D}.Release|Any CPU.Build.0 = Release|Any CPU
	EndGlobalSection
	GlobalSection(SolutionProperties) = preSolution
		HideSolutionNode = FALSE
	EndGlobalSection
EndGlobal
